
Microsoft Visual Studio Solution File, Format Version 12.00
# Visual Studio Version 16
VisualStudioVersion = 16.0.30907.101
MinimumVisualStudioVersion = 10.0.40219.1
Project("{FAE04EC0-301F-11D3-BF4B-00C04F79EFBC}") = "Northwind.Entities", "Northwind.Entities\Northwind.Entities.csproj", "{09891D7F-8979-4882-9924-46000FF9CF3C}"
EndProject
Project("{FAE04EC0-301F-11D3-BF4B-00C04F79EFBC}") = "Northwind.DataAcess", "Northwind.DataAcess\Northwind.DataAcess.csproj", "{BF859D07-90EF-46BB-9C7A-86F8ACEFEFD6}"
EndProject
Project("{FAE04EC0-301F-11D3-BF4B-00C04F79EFBC}") = "Northwind.Business", "Northwind.Business\Northwind.Business.csproj", "{79C6EBE1-B509-4E58-993D-485C8EE06C74}"
EndProject
Project("{FAE04EC0-301F-11D3-BF4B-00C04F79EFBC}") = "Northwind.WebFormsUI", "Northwind.WebFormsUI\Northwind.WebFormsUI.csproj", "{CBE9A9CF-4FF5-4C9E-84B7-B79CFFA85AC9}"
EndProject
Global
	GlobalSection(SolutionConfigurationPlatforms) = preSolution
		Debug|Any CPU = Debug|Any CPU
		Release|Any CPU = Release|Any CPU
	EndGlobalSection
	GlobalSection(ProjectConfigurationPlatforms) = postSolution
		{09891D7F-8979-4882-9924-46000FF9CF3C}.Debug|Any CPU.ActiveCfg = Debug|Any CPU
		{09891D7F-8979-4882-9924-46000FF9CF3C}.Debug|Any CPU.Build.0 = Debug|Any CPU
		{09891D7F-8979-4882-9924-46000FF9CF3C}.Release|Any CPU.ActiveCfg = Release|Any CPU
		{09891D7F-8979-4882-9924-46000FF9CF3C}.Release|Any CPU.Build.0 = Release|Any CPU
		{BF859D07-90EF-46BB-9C7A-86F8ACEFEFD6}.Debug|Any CPU.ActiveCfg = Debug|Any CPU
		{BF859D07-90EF-46BB-9C7A-86F8ACEFEFD6}.Debug|Any CPU.Build.0 = Debug|Any CPU
		{BF859D07-90EF-46BB-9C7A-86F8ACEFEFD6}.Release|Any CPU.ActiveCfg = Release|Any CPU
		{BF859D07-90EF-46BB-9C7A-86F8ACEFEFD6}.Release|Any CPU.Build.0 = Release|Any CPU
		{79C6EBE1-B509-4E58-993D-485C8EE06C74}.Debug|Any CPU.ActiveCfg = Debug|Any CPU
		{79C6EBE1-B509-4E58-993D-485C8EE06C74}.Debug|Any CPU.Build.0 = Debug|Any CPU
		{79C6EBE1-B509-4E58-993D-485C8EE06C74}.Release|Any CPU.ActiveCfg = Release|Any CPU
		{79C6EBE1-B509-4E58-993D-485C8EE06C74}.Release|Any CPU.Build.0 = Release|Any CPU
		{CBE9A9CF-4FF5-4C9E-84B7-B79CFFA85AC9}.Debug|Any CPU.ActiveCfg = Debug|Any CPU
		{CBE9A9CF-4FF5-4C9E-84B7-B79CFFA85AC9}.Debug|Any CPU.Build.0 = Debug|Any CPU
		{CBE9A9CF-4FF5-4C9E-84B7-B79CFFA85AC9}.Release|Any CPU.ActiveCfg = Release|Any CPU
		{CBE9A9CF-4FF5-4C9E-84B7-B79CFFA85AC9}.Release|Any CPU.Build.0 = Release|Any CPU
	EndGlobalSection
	GlobalSection(SolutionProperties) = preSolution
		HideSolutionNode = FALSE
	EndGlobalSection
	GlobalSection(ExtensibilityGlobals) = postSolution
		SolutionGuid = {A9BC2BE7-317A-4F6E-8A60-5067E53456C8}
	EndGlobalSection
EndGlobal
